// !$*UTF8*$!
{
	archiveVersion = 1;
	classes = {
	};
	objectVersion = 52;
	objects = {

/* Begin PBXBuildFile section */
		31667548256436AF00F91380 /* DemoApp.swift in Sources */ = {isa = PBXBuildFile; fileRef = 31667547256436AF00F91380 /* DemoApp.swift */; };
		3166754C256436B000F91380 /* Assets.xcassets in Resources */ = {isa = PBXBuildFile; fileRef = 3166754B256436B000F91380 /* Assets.xcassets */; };
		3166755D2564378100F91380 /* ComposableArchitecture in Frameworks */ = {isa = PBXBuildFile; productRef = 3166755C2564378100F91380 /* ComposableArchitecture */; };
		3182EA772566F8D400C9EDD8 /* DemoTests.swift in Sources */ = {isa = PBXBuildFile; fileRef = 3182EA762566F8D400C9EDD8 /* DemoTests.swift */; };
		3182EA8E2566FAF500C9EDD8 /* FirstTests.swift in Sources */ = {isa = PBXBuildFile; fileRef = 3182EA8D2566FAF500C9EDD8 /* FirstTests.swift */; };
		3182EA972566FF4600C9EDD8 /* SecondTests.swift in Sources */ = {isa = PBXBuildFile; fileRef = 3182EA932566FF4300C9EDD8 /* SecondTests.swift */; };
		3182EA9B2567038100C9EDD8 /* ThirdTests.swift in Sources */ = {isa = PBXBuildFile; fileRef = 3182EA9A2567038100C9EDD8 /* ThirdTests.swift */; };
		318E05D525671A6A0029DF49 /* DemoAppTests.swift in Sources */ = {isa = PBXBuildFile; fileRef = 318E05D425671A6A0029DF49 /* DemoAppTests.swift */; };
		318E05DE25672C3A0029DF49 /* SnapshotTesting in Frameworks */ = {isa = PBXBuildFile; productRef = 318E05DD25672C3A0029DF49 /* SnapshotTesting */; };
		31908F2525654E5000D2C990 /* First.swift in Sources */ = {isa = PBXBuildFile; fileRef = 31908F2425654E5000D2C990 /* First.swift */; };
		31908F2925654E7500D2C990 /* Second.swift in Sources */ = {isa = PBXBuildFile; fileRef = 31908F2825654E7500D2C990 /* Second.swift */; };
		31908F2C25654E9B00D2C990 /* Third.swift in Sources */ = {isa = PBXBuildFile; fileRef = 31908F2B25654E9B00D2C990 /* Third.swift */; };
		31908F3025654ECF00D2C990 /* DemoAppEnvironment.swift in Sources */ = {isa = PBXBuildFile; fileRef = 31908F2F25654ECF00D2C990 /* DemoAppEnvironment.swift */; };
		31A9440F25654FFE00AD163B /* TimeFormatter.swift in Sources */ = {isa = PBXBuildFile; fileRef = 31A9440E25654FFE00AD163B /* TimeFormatter.swift */; };
/* End PBXBuildFile section */

/* Begin PBXContainerItemProxy section */
		3182EA792566F8D400C9EDD8 /* PBXContainerItemProxy */ = {
			isa = PBXContainerItemProxy;
			containerPortal = 3166753C256436AF00F91380 /* Project object */;
			proxyType = 1;
			remoteGlobalIDString = 31667543256436AF00F91380;
			remoteInfo = Demo;
		};
/* End PBXContainerItemProxy section */

/* Begin PBXFileReference section */
		31667544256436AF00F91380 /* Demo.app */ = {isa = PBXFileReference; explicitFileType = wrapper.application; includeInIndex = 0; path = Demo.app; sourceTree = BUILT_PRODUCTS_DIR; };
		31667547256436AF00F91380 /* DemoApp.swift */ = {isa = PBXFileReference; lastKnownFileType = sourcecode.swift; path = DemoApp.swift; sourceTree = "<group>"; };
		3166754B256436B000F91380 /* Assets.xcassets */ = {isa = PBXFileReference; lastKnownFileType = folder.assetcatalog; path = Assets.xcassets; sourceTree = "<group>"; };
		31667550256436B000F91380 /* Info.plist */ = {isa = PBXFileReference; lastKnownFileType = text.plist.xml; path = Info.plist; sourceTree = "<group>"; };
		3182EA742566F8D300C9EDD8 /* DemoTests.xctest */ = {isa = PBXFileReference; explicitFileType = wrapper.cfbundle; includeInIndex = 0; path = DemoTests.xctest; sourceTree = BUILT_PRODUCTS_DIR; };
		3182EA762566F8D400C9EDD8 /* DemoTests.swift */ = {isa = PBXFileReference; lastKnownFileType = sourcecode.swift; path = DemoTests.swift; sourceTree = "<group>"; };
		3182EA782566F8D400C9EDD8 /* InfoTests.plist */ = {isa = PBXFileReference; lastKnownFileType = text.plist.xml; path = InfoTests.plist; sourceTree = "<group>"; };
		3182EA8D2566FAF500C9EDD8 /* FirstTests.swift */ = {isa = PBXFileReference; lastKnownFileType = sourcecode.swift; path = FirstTests.swift; sourceTree = "<group>"; };
		3182EA932566FF4300C9EDD8 /* SecondTests.swift */ = {isa = PBXFileReference; lastKnownFileType = sourcecode.swift; path = SecondTests.swift; sourceTree = "<group>"; };
		3182EA9A2567038100C9EDD8 /* ThirdTests.swift */ = {isa = PBXFileReference; lastKnownFileType = sourcecode.swift; path = ThirdTests.swift; sourceTree = "<group>"; };
		318E05D425671A6A0029DF49 /* DemoAppTests.swift */ = {isa = PBXFileReference; lastKnownFileType = sourcecode.swift; path = DemoAppTests.swift; sourceTree = "<group>"; };
		31908F2425654E5000D2C990 /* First.swift */ = {isa = PBXFileReference; lastKnownFileType = sourcecode.swift; path = First.swift; sourceTree = "<group>"; };
		31908F2825654E7500D2C990 /* Second.swift */ = {isa = PBXFileReference; lastKnownFileType = sourcecode.swift; path = Second.swift; sourceTree = "<group>"; };
		31908F2B25654E9B00D2C990 /* Third.swift */ = {isa = PBXFileReference; lastKnownFileType = sourcecode.swift; path = Third.swift; sourceTree = "<group>"; };
		31908F2F25654ECF00D2C990 /* DemoAppEnvironment.swift */ = {isa = PBXFileReference; lastKnownFileType = sourcecode.swift; path = DemoAppEnvironment.swift; sourceTree = "<group>"; };
		31A9440E25654FFE00AD163B /* TimeFormatter.swift */ = {isa = PBXFileReference; lastKnownFileType = sourcecode.swift; path = TimeFormatter.swift; sourceTree = "<group>"; };
/* End PBXFileReference section */

/* Begin PBXFrameworksBuildPhase section */
		31667541256436AF00F91380 /* Frameworks */ = {
			isa = PBXFrameworksBuildPhase;
			buildActionMask = 2147483647;
			files = (
				3166755D2564378100F91380 /* ComposableArchitecture in Frameworks */,
			);
			runOnlyForDeploymentPostprocessing = 0;
		};
		3182EA712566F8D300C9EDD8 /* Frameworks */ = {
			isa = PBXFrameworksBuildPhase;
			buildActionMask = 2147483647;
			files = (
				318E05DE25672C3A0029DF49 /* SnapshotTesting in Frameworks */,
			);
			runOnlyForDeploymentPostprocessing = 0;
		};
/* End PBXFrameworksBuildPhase section */

/* Begin PBXGroup section */
		3166753B256436AF00F91380 = {
			isa = PBXGroup;
			children = (
				31667546256436AF00F91380 /* Demo */,
				31667545256436AF00F91380 /* Products */,
			);
			indentWidth = 2;
			sourceTree = "<group>";
			tabWidth = 2;
		};
		31667545256436AF00F91380 /* Products */ = {
			isa = PBXGroup;
			children = (
				31667544256436AF00F91380 /* Demo.app */,
				3182EA742566F8D300C9EDD8 /* DemoTests.xctest */,
			);
			name = Products;
			sourceTree = "<group>";
		};
		31667546256436AF00F91380 /* Demo */ = {
			isa = PBXGroup;
			children = (
				31908F3325654EE600D2C990 /* Resources */,
				31908F3425654EF100D2C990 /* Sources */,
				3182EA752566F8D400C9EDD8 /* Tests */,
			);
			path = Demo;
			sourceTree = "<group>";
		};
		3182EA752566F8D400C9EDD8 /* Tests */ = {
			isa = PBXGroup;
			children = (
				318E05D325671A540029DF49 /* App */,
				3182EA8C2566FADF00C9EDD8 /* Screens */,
				3182EA762566F8D400C9EDD8 /* DemoTests.swift */,
			);
			path = Tests;
			sourceTree = "<group>";
		};
		3182EA8C2566FADF00C9EDD8 /* Screens */ = {
			isa = PBXGroup;
			children = (
				3182EA8D2566FAF500C9EDD8 /* FirstTests.swift */,
				3182EA932566FF4300C9EDD8 /* SecondTests.swift */,
				3182EA9A2567038100C9EDD8 /* ThirdTests.swift */,
			);
			path = Screens;
			sourceTree = "<group>";
		};
		318E05D325671A540029DF49 /* App */ = {
			isa = PBXGroup;
			children = (
				318E05D425671A6A0029DF49 /* DemoAppTests.swift */,
			);
			path = App;
			sourceTree = "<group>";
		};
		31908F2325654E4400D2C990 /* Screens */ = {
			isa = PBXGroup;
			children = (
				31908F2425654E5000D2C990 /* First.swift */,
				31908F2825654E7500D2C990 /* Second.swift */,
				31908F2B25654E9B00D2C990 /* Third.swift */,
			);
			path = Screens;
			sourceTree = "<group>";
		};
		31908F2E25654EBC00D2C990 /* App */ = {
			isa = PBXGroup;
			children = (
				31667547256436AF00F91380 /* DemoApp.swift */,
				31908F2F25654ECF00D2C990 /* DemoAppEnvironment.swift */,
			);
			path = App;
			sourceTree = "<group>";
		};
		31908F3325654EE600D2C990 /* Resources */ = {
			isa = PBXGroup;
			children = (
				3166754B256436B000F91380 /* Assets.xcassets */,
				31667550256436B000F91380 /* Info.plist */,
				3182EA782566F8D400C9EDD8 /* InfoTests.plist */,
			);
			path = Resources;
			sourceTree = "<group>";
		};
		31908F3425654EF100D2C990 /* Sources */ = {
			isa = PBXGroup;
			children = (
				31908F2E25654EBC00D2C990 /* App */,
				31908F2325654E4400D2C990 /* Screens */,
				31A9440D25654FEE00AD163B /* Formatters */,
			);
			path = Sources;
			sourceTree = "<group>";
		};
		31A9440D25654FEE00AD163B /* Formatters */ = {
			isa = PBXGroup;
			children = (
				31A9440E25654FFE00AD163B /* TimeFormatter.swift */,
			);
			path = Formatters;
			sourceTree = "<group>";
		};
/* End PBXGroup section */

/* Begin PBXNativeTarget section */
		31667543256436AF00F91380 /* Demo */ = {
			isa = PBXNativeTarget;
			buildConfigurationList = 31667553256436B000F91380 /* Build configuration list for PBXNativeTarget "Demo" */;
			buildPhases = (
				31667540256436AF00F91380 /* Sources */,
				31667541256436AF00F91380 /* Frameworks */,
				31667542256436AF00F91380 /* Resources */,
			);
			buildRules = (
			);
			dependencies = (
			);
			name = Demo;
			packageProductDependencies = (
				3166755C2564378100F91380 /* ComposableArchitecture */,
			);
			productName = Demo;
			productReference = 31667544256436AF00F91380 /* Demo.app */;
			productType = "com.apple.product-type.application";
		};
		3182EA732566F8D300C9EDD8 /* DemoTests */ = {
			isa = PBXNativeTarget;
			buildConfigurationList = 3182EA7D2566F8D400C9EDD8 /* Build configuration list for PBXNativeTarget "DemoTests" */;
			buildPhases = (
				3182EA702566F8D300C9EDD8 /* Sources */,
				3182EA712566F8D300C9EDD8 /* Frameworks */,
				3182EA722566F8D300C9EDD8 /* Resources */,
			);
			buildRules = (
			);
			dependencies = (
				3182EA7A2566F8D400C9EDD8 /* PBXTargetDependency */,
			);
			name = DemoTests;
			packageProductDependencies = (
				318E05DD25672C3A0029DF49 /* SnapshotTesting */,
			);
			productName = DemoTests;
			productReference = 3182EA742566F8D300C9EDD8 /* DemoTests.xctest */;
			productType = "com.apple.product-type.bundle.unit-test";
		};
/* End PBXNativeTarget section */

/* Begin PBXProject section */
		3166753C256436AF00F91380 /* Project object */ = {
			isa = PBXProject;
			attributes = {
				LastSwiftUpdateCheck = 1220;
				LastUpgradeCheck = 1220;
				TargetAttributes = {
					31667543256436AF00F91380 = {
						CreatedOnToolsVersion = 12.2;
					};
					3182EA732566F8D300C9EDD8 = {
						CreatedOnToolsVersion = 12.2;
						TestTargetID = 31667543256436AF00F91380;
					};
				};
			};
			buildConfigurationList = 3166753F256436AF00F91380 /* Build configuration list for PBXProject "Demo" */;
			compatibilityVersion = "Xcode 9.3";
			developmentRegion = en;
			hasScannedForEncodings = 0;
			knownRegions = (
				en,
				Base,
			);
			mainGroup = 3166753B256436AF00F91380;
			packageReferences = (
				3166755B2564378100F91380 /* XCRemoteSwiftPackageReference "swift-composable-architecture" */,
				318E05DC25672C3A0029DF49 /* XCRemoteSwiftPackageReference "swift-snapshot-testing" */,
			);
			productRefGroup = 31667545256436AF00F91380 /* Products */;
			projectDirPath = "";
			projectRoot = "";
			targets = (
				31667543256436AF00F91380 /* Demo */,
				3182EA732566F8D300C9EDD8 /* DemoTests */,
			);
		};
/* End PBXProject section */

/* Begin PBXResourcesBuildPhase section */
		31667542256436AF00F91380 /* Resources */ = {
			isa = PBXResourcesBuildPhase;
			buildActionMask = 2147483647;
			files = (
				3166754C256436B000F91380 /* Assets.xcassets in Resources */,
			);
			runOnlyForDeploymentPostprocessing = 0;
		};
		3182EA722566F8D300C9EDD8 /* Resources */ = {
			isa = PBXResourcesBuildPhase;
			buildActionMask = 2147483647;
			files = (
			);
			runOnlyForDeploymentPostprocessing = 0;
		};
/* End PBXResourcesBuildPhase section */

/* Begin PBXSourcesBuildPhase section */
		31667540256436AF00F91380 /* Sources */ = {
			isa = PBXSourcesBuildPhase;
			buildActionMask = 2147483647;
			files = (
				31908F3025654ECF00D2C990 /* DemoAppEnvironment.swift in Sources */,
				31A9440F25654FFE00AD163B /* TimeFormatter.swift in Sources */,
				31908F2525654E5000D2C990 /* First.swift in Sources */,
				31908F2C25654E9B00D2C990 /* Third.swift in Sources */,
				31667548256436AF00F91380 /* DemoApp.swift in Sources */,
				31908F2925654E7500D2C990 /* Second.swift in Sources */,
			);
			runOnlyForDeploymentPostprocessing = 0;
		};
		3182EA702566F8D300C9EDD8 /* Sources */ = {
			isa = PBXSourcesBuildPhase;
			buildActionMask = 2147483647;
			files = (
				3182EA8E2566FAF500C9EDD8 /* FirstTests.swift in Sources */,
				3182EA9B2567038100C9EDD8 /* ThirdTests.swift in Sources */,
				3182EA772566F8D400C9EDD8 /* DemoTests.swift in Sources */,
				3182EA972566FF4600C9EDD8 /* SecondTests.swift in Sources */,
				318E05D525671A6A0029DF49 /* DemoAppTests.swift in Sources */,
			);
			runOnlyForDeploymentPostprocessing = 0;
		};
/* End PBXSourcesBuildPhase section */

/* Begin PBXTargetDependency section */
		3182EA7A2566F8D400C9EDD8 /* PBXTargetDependency */ = {
			isa = PBXTargetDependency;
			target = 31667543256436AF00F91380 /* Demo */;
			targetProxy = 3182EA792566F8D400C9EDD8 /* PBXContainerItemProxy */;
		};
/* End PBXTargetDependency section */

/* Begin XCBuildConfiguration section */
		31667551256436B000F91380 /* Debug */ = {
			isa = XCBuildConfiguration;
			buildSettings = {
				ALWAYS_SEARCH_USER_PATHS = NO;
				CLANG_ANALYZER_NONNULL = YES;
				CLANG_ANALYZER_NUMBER_OBJECT_CONVERSION = YES_AGGRESSIVE;
				CLANG_CXX_LANGUAGE_STANDARD = "gnu++14";
				CLANG_CXX_LIBRARY = "libc++";
				CLANG_ENABLE_MODULES = YES;
				CLANG_ENABLE_OBJC_ARC = YES;
				CLANG_ENABLE_OBJC_WEAK = YES;
				CLANG_WARN_BLOCK_CAPTURE_AUTORELEASING = YES;
				CLANG_WARN_BOOL_CONVERSION = YES;
				CLANG_WARN_COMMA = YES;
				CLANG_WARN_CONSTANT_CONVERSION = YES;
				CLANG_WARN_DEPRECATED_OBJC_IMPLEMENTATIONS = YES;
				CLANG_WARN_DIRECT_OBJC_ISA_USAGE = YES_ERROR;
				CLANG_WARN_DOCUMENTATION_COMMENTS = YES;
				CLANG_WARN_EMPTY_BODY = YES;
				CLANG_WARN_ENUM_CONVERSION = YES;
				CLANG_WARN_INFINITE_RECURSION = YES;
				CLANG_WARN_INT_CONVERSION = YES;
				CLANG_WARN_NON_LITERAL_NULL_CONVERSION = YES;
				CLANG_WARN_OBJC_IMPLICIT_RETAIN_SELF = YES;
				CLANG_WARN_OBJC_LITERAL_CONVERSION = YES;
				CLANG_WARN_OBJC_ROOT_CLASS = YES_ERROR;
				CLANG_WARN_QUOTED_INCLUDE_IN_FRAMEWORK_HEADER = YES;
				CLANG_WARN_RANGE_LOOP_ANALYSIS = YES;
				CLANG_WARN_STRICT_PROTOTYPES = YES;
				CLANG_WARN_SUSPICIOUS_MOVE = YES;
				CLANG_WARN_UNGUARDED_AVAILABILITY = YES_AGGRESSIVE;
				CLANG_WARN_UNREACHABLE_CODE = YES;
				CLANG_WARN__DUPLICATE_METHOD_MATCH = YES;
				COPY_PHASE_STRIP = NO;
				DEBUG_INFORMATION_FORMAT = dwarf;
				ENABLE_STRICT_OBJC_MSGSEND = YES;
				ENABLE_TESTABILITY = YES;
				GCC_C_LANGUAGE_STANDARD = gnu11;
				GCC_DYNAMIC_NO_PIC = NO;
				GCC_NO_COMMON_BLOCKS = YES;
				GCC_OPTIMIZATION_LEVEL = 0;
				GCC_PREPROCESSOR_DEFINITIONS = (
					"DEBUG=1",
					"$(inherited)",
				);
				GCC_WARN_64_TO_32_BIT_CONVERSION = YES;
				GCC_WARN_ABOUT_RETURN_TYPE = YES_ERROR;
				GCC_WARN_UNDECLARED_SELECTOR = YES;
				GCC_WARN_UNINITIALIZED_AUTOS = YES_AGGRESSIVE;
				GCC_WARN_UNUSED_FUNCTION = YES;
				GCC_WARN_UNUSED_VARIABLE = YES;
				IPHONEOS_DEPLOYMENT_TARGET = 14.2;
				MTL_ENABLE_DEBUG_INFO = INCLUDE_SOURCE;
				MTL_FAST_MATH = YES;
				ONLY_ACTIVE_ARCH = YES;
				SDKROOT = iphoneos;
				SWIFT_ACTIVE_COMPILATION_CONDITIONS = DEBUG;
				SWIFT_OPTIMIZATION_LEVEL = "-Onone";
			};
			name = Debug;
		};
		31667552256436B000F91380 /* Release */ = {
			isa = XCBuildConfiguration;
			buildSettings = {
				ALWAYS_SEARCH_USER_PATHS = NO;
				CLANG_ANALYZER_NONNULL = YES;
				CLANG_ANALYZER_NUMBER_OBJECT_CONVERSION = YES_AGGRESSIVE;
				CLANG_CXX_LANGUAGE_STANDARD = "gnu++14";
				CLANG_CXX_LIBRARY = "libc++";
				CLANG_ENABLE_MODULES = YES;
				CLANG_ENABLE_OBJC_ARC = YES;
				CLANG_ENABLE_OBJC_WEAK = YES;
				CLANG_WARN_BLOCK_CAPTURE_AUTORELEASING = YES;
				CLANG_WARN_BOOL_CONVERSION = YES;
				CLANG_WARN_COMMA = YES;
				CLANG_WARN_CONSTANT_CONVERSION = YES;
				CLANG_WARN_DEPRECATED_OBJC_IMPLEMENTATIONS = YES;
				CLANG_WARN_DIRECT_OBJC_ISA_USAGE = YES_ERROR;
				CLANG_WARN_DOCUMENTATION_COMMENTS = YES;
				CLANG_WARN_EMPTY_BODY = YES;
				CLANG_WARN_ENUM_CONVERSION = YES;
				CLANG_WARN_INFINITE_RECURSION = YES;
				CLANG_WARN_INT_CONVERSION = YES;
				CLANG_WARN_NON_LITERAL_NULL_CONVERSION = YES;
				CLANG_WARN_OBJC_IMPLICIT_RETAIN_SELF = YES;
				CLANG_WARN_OBJC_LITERAL_CONVERSION = YES;
				CLANG_WARN_OBJC_ROOT_CLASS = YES_ERROR;
				CLANG_WARN_QUOTED_INCLUDE_IN_FRAMEWORK_HEADER = YES;
				CLANG_WARN_RANGE_LOOP_ANALYSIS = YES;
				CLANG_WARN_STRICT_PROTOTYPES = YES;
				CLANG_WARN_SUSPICIOUS_MOVE = YES;
				CLANG_WARN_UNGUARDED_AVAILABILITY = YES_AGGRESSIVE;
				CLANG_WARN_UNREACHABLE_CODE = YES;
				CLANG_WARN__DUPLICATE_METHOD_MATCH = YES;
				COPY_PHASE_STRIP = NO;
				DEBUG_INFORMATION_FORMAT = "dwarf-with-dsym";
				ENABLE_NS_ASSERTIONS = NO;
				ENABLE_STRICT_OBJC_MSGSEND = YES;
				GCC_C_LANGUAGE_STANDARD = gnu11;
				GCC_NO_COMMON_BLOCKS = YES;
				GCC_WARN_64_TO_32_BIT_CONVERSION = YES;
				GCC_WARN_ABOUT_RETURN_TYPE = YES_ERROR;
				GCC_WARN_UNDECLARED_SELECTOR = YES;
				GCC_WARN_UNINITIALIZED_AUTOS = YES_AGGRESSIVE;
				GCC_WARN_UNUSED_FUNCTION = YES;
				GCC_WARN_UNUSED_VARIABLE = YES;
				IPHONEOS_DEPLOYMENT_TARGET = 14.2;
				MTL_ENABLE_DEBUG_INFO = NO;
				MTL_FAST_MATH = YES;
				SDKROOT = iphoneos;
				SWIFT_COMPILATION_MODE = wholemodule;
				SWIFT_OPTIMIZATION_LEVEL = "-O";
				VALIDATE_PRODUCT = YES;
			};
			name = Release;
		};
		31667554256436B000F91380 /* Debug */ = {
			isa = XCBuildConfiguration;
			buildSettings = {
				ASSETCATALOG_COMPILER_APPICON_NAME = AppIcon;
				ASSETCATALOG_COMPILER_GLOBAL_ACCENT_COLOR_NAME = AccentColor;
				CODE_SIGN_STYLE = Automatic;
				DEVELOPMENT_TEAM = "";
				ENABLE_PREVIEWS = YES;
				INFOPLIST_FILE = Demo/Resources/Info.plist;
				LD_RUNPATH_SEARCH_PATHS = (
					"$(inherited)",
					"@executable_path/Frameworks",
				);
				PRODUCT_BUNDLE_IDENTIFIER = pl.darrarski.Demo;
				PRODUCT_NAME = "$(TARGET_NAME)";
				SWIFT_VERSION = 5.0;
				TARGETED_DEVICE_FAMILY = 1;
			};
			name = Debug;
		};
		31667555256436B000F91380 /* Release */ = {
			isa = XCBuildConfiguration;
			buildSettings = {
				ASSETCATALOG_COMPILER_APPICON_NAME = AppIcon;
				ASSETCATALOG_COMPILER_GLOBAL_ACCENT_COLOR_NAME = AccentColor;
				CODE_SIGN_STYLE = Automatic;
				DEVELOPMENT_TEAM = "";
				ENABLE_PREVIEWS = YES;
				INFOPLIST_FILE = Demo/Resources/Info.plist;
				LD_RUNPATH_SEARCH_PATHS = (
					"$(inherited)",
					"@executable_path/Frameworks",
				);
				PRODUCT_BUNDLE_IDENTIFIER = pl.darrarski.Demo;
				PRODUCT_NAME = "$(TARGET_NAME)";
				SWIFT_VERSION = 5.0;
				TARGETED_DEVICE_FAMILY = 1;
			};
			name = Release;
		};
		3182EA7B2566F8D400C9EDD8 /* Debug */ = {
			isa = XCBuildConfiguration;
			buildSettings = {
				BUNDLE_LOADER = "$(TEST_HOST)";
				CODE_SIGN_STYLE = Automatic;
				INFOPLIST_FILE = Demo/Resources/InfoTests.plist;
				LD_RUNPATH_SEARCH_PATHS = (
					"$(inherited)",
					"@executable_path/Frameworks",
					"@loader_path/Frameworks",
				);
				PRODUCT_BUNDLE_IDENTIFIER = pl.darrarski.DemoTests;
				PRODUCT_NAME = "$(TARGET_NAME)";
				SWIFT_VERSION = 5.0;
				TARGETED_DEVICE_FAMILY = "1,2";
				TEST_HOST = "$(BUILT_PRODUCTS_DIR)/Demo.app/Demo";
			};
			name = Debug;
		};
		3182EA7C2566F8D400C9EDD8 /* Release */ = {
			isa = XCBuildConfiguration;
			buildSettings = {
				BUNDLE_LOADER = "$(TEST_HOST)";
				CODE_SIGN_STYLE = Automatic;
				INFOPLIST_FILE = Demo/Resources/InfoTests.plist;
				LD_RUNPATH_SEARCH_PATHS = (
					"$(inherited)",
					"@executable_path/Frameworks",
					"@loader_path/Frameworks",
				);
				PRODUCT_BUNDLE_IDENTIFIER = pl.darrarski.DemoTests;
				PRODUCT_NAME = "$(TARGET_NAME)";
				SWIFT_VERSION = 5.0;
				TARGETED_DEVICE_FAMILY = "1,2";
				TEST_HOST = "$(BUILT_PRODUCTS_DIR)/Demo.app/Demo";
			};
			name = Release;
		};
/* End XCBuildConfiguration section */

/* Begin XCConfigurationList section */
		3166753F256436AF00F91380 /* Build configuration list for PBXProject "Demo" */ = {
			isa = XCConfigurationList;
			buildConfigurations = (
				31667551256436B000F91380 /* Debug */,
				31667552256436B000F91380 /* Release */,
			);
			defaultConfigurationIsVisible = 0;
			defaultConfigurationName = Release;
		};
		31667553256436B000F91380 /* Build configuration list for PBXNativeTarget "Demo" */ = {
			isa = XCConfigurationList;
			buildConfigurations = (
				31667554256436B000F91380 /* Debug */,
				31667555256436B000F91380 /* Release */,
			);
			defaultConfigurationIsVisible = 0;
			defaultConfigurationName = Release;
		};
		3182EA7D2566F8D400C9EDD8 /* Build configuration list for PBXNativeTarget "DemoTests" */ = {
			isa = XCConfigurationList;
			buildConfigurations = (
				3182EA7B2566F8D400C9EDD8 /* Debug */,
				3182EA7C2566F8D400C9EDD8 /* Release */,
			);
			defaultConfigurationIsVisible = 0;
			defaultConfigurationName = Release;
		};
/* End XCConfigurationList section */

/* Begin XCRemoteSwiftPackageReference section */
		3166755B2564378100F91380 /* XCRemoteSwiftPackageReference "swift-composable-architecture" */ = {
			isa = XCRemoteSwiftPackageReference;
			repositoryURL = "https://github.com/pointfreeco/swift-composable-architecture.git";
			requirement = {
				kind = exactVersion;
				version = 0.9.0;
			};
		};
		318E05DC25672C3A0029DF49 /* XCRemoteSwiftPackageReference "swift-snapshot-testing" */ = {
			isa = XCRemoteSwiftPackageReference;
			repositoryURL = "https://github.com/pointfreeco/swift-snapshot-testing.git";
			requirement = {
				kind = exactVersion;
				version = 1.8.2;
			};
		};
/* End XCRemoteSwiftPackageReference section */

/* Begin XCSwiftPackageProductDependency section */
		3166755C2564378100F91380 /* ComposableArchitecture */ = {
			isa = XCSwiftPackageProductDependency;
			package = 3166755B2564378100F91380 /* XCRemoteSwiftPackageReference "swift-composable-architecture" */;
			productName = ComposableArchitecture;
		};
		318E05DD25672C3A0029DF49 /* SnapshotTesting */ = {
			isa = XCSwiftPackageProductDependency;
			package = 318E05DC25672C3A0029DF49 /* XCRemoteSwiftPackageReference "swift-snapshot-testing" */;
			productName = SnapshotTesting;
		};
/* End XCSwiftPackageProductDependency section */
	};
	rootObject = 3166753C256436AF00F91380 /* Project object */;
}
